
Microsoft Visual Studio Solution File, Format Version 12.00
# Visual Studio Version 17
VisualStudioVersion = 17.8.34525.116
MinimumVisualStudioVersion = 10.0.40219.1
Project("{FAE04EC0-301F-11D3-BF4B-00C04F79EFBC}") = "LabAAA_2", "LabAAA_2\LabAAA_2.csproj", "{498AA28A-B973-458A-90C0-8A178E214180}"
EndProject
Global
	GlobalSection(SolutionConfigurationPlatforms) = preSolution
		Debug|Any CPU = Debug|Any CPU
		Release|Any CPU = Release|Any CPU
	EndGlobalSection
	GlobalSection(ProjectConfigurationPlatforms) = postSolution
		{498AA28A-B973-458A-90C0-8A178E214180}.Debug|Any CPU.ActiveCfg = Debug|Any CPU
		{498AA28A-B973-458A-90C0-8A178E214180}.Debug|Any CPU.Build.0 = Debug|Any CPU
		{498AA28A-B973-458A-90C0-8A178E214180}.Release|Any CPU.ActiveCfg = Release|Any CPU
		{498AA28A-B973-458A-90C0-8A178E214180}.Release|Any CPU.Build.0 = Release|Any CPU
	EndGlobalSection
	GlobalSection(SolutionProperties) = preSolution
		HideSolutionNode = FALSE
	EndGlobalSection
	GlobalSection(ExtensibilityGlobals) = postSolution
		SolutionGuid = {871657EF-A2FF-4D3C-BC2F-654F44619D5C}
	EndGlobalSection
EndGlobal
